
Microsoft Visual Studio Solution File, Format Version 12.00
# Visual Studio 15
VisualStudioVersion = 15.0.28307.902
MinimumVisualStudioVersion = 10.0.40219.1
Project("{FAE04EC0-301F-11D3-BF4B-00C04F79EFBC}") = "Memo", "Memo\Memo.csproj", "{35C88834-490C-4CE0-839A-18A3DB9B39A3}"
EndProject
Global
	GlobalSection(SolutionConfigurationPlatforms) = preSolution
		Debug|Any CPU = Debug|Any CPU
		Release|Any CPU = Release|Any CPU
	EndGlobalSection
	GlobalSection(ProjectConfigurationPlatforms) = postSolution
		{35C88834-490C-4CE0-839A-18A3DB9B39A3}.Debug|Any CPU.ActiveCfg = Debug|Any CPU
		{35C88834-490C-4CE0-839A-18A3DB9B39A3}.Debug|Any CPU.Build.0 = Debug|Any CPU
		{35C88834-490C-4CE0-839A-18A3DB9B39A3}.Release|Any CPU.ActiveCfg = Release|Any CPU
		{35C88834-490C-4CE0-839A-18A3DB9B39A3}.Release|Any CPU.Build.0 = Release|Any CPU
	EndGlobalSection
	GlobalSection(SolutionProperties) = preSolution
		HideSolutionNode = FALSE
	EndGlobalSection
	GlobalSection(ExtensibilityGlobals) = postSolution
		SolutionGuid = {76EE1E03-B3BA-405B-98EF-76006A2B525D}
	EndGlobalSection
EndGlobal
